
Microsoft Visual Studio Solution File, Format Version 12.00
# Visual Studio Version 16
VisualStudioVersion = 16.0.28803.916
MinimumVisualStudioVersion = 10.0.40219.1
Project("{FAE04EC0-301F-11D3-BF4B-00C04F79EFBC}") = "SampleXBIMConsoleApp", "SampleXBIMConsoleApp\SampleXBIMConsoleApp.csproj", "{A1EE9B64-9CD3-48A9-B30F-2F422D2E4206}"
EndProject
Global
	GlobalSection(SolutionConfigurationPlatforms) = preSolution
		Debug|Any CPU = Debug|Any CPU
		Release|Any CPU = Release|Any CPU
	EndGlobalSection
	GlobalSection(ProjectConfigurationPlatforms) = postSolution
		{A1EE9B64-9CD3-48A9-B30F-2F422D2E4206}.Debug|Any CPU.ActiveCfg = Debug|Any CPU
		{A1EE9B64-9CD3-48A9-B30F-2F422D2E4206}.Debug|Any CPU.Build.0 = Debug|Any CPU
		{A1EE9B64-9CD3-48A9-B30F-2F422D2E4206}.Release|Any CPU.ActiveCfg = Release|Any CPU
		{A1EE9B64-9CD3-48A9-B30F-2F422D2E4206}.Release|Any CPU.Build.0 = Release|Any CPU
	EndGlobalSection
	GlobalSection(SolutionProperties) = preSolution
		HideSolutionNode = FALSE
	EndGlobalSection
	GlobalSection(ExtensibilityGlobals) = postSolution
		SolutionGuid = {4B4A6293-1623-4E0F-BAC5-E87015F15A35}
	EndGlobalSection
EndGlobal
